// !$*UTF8*$!
{
	archiveVersion = 1;
	classes = {
	};
	objectVersion = 60;
	objects = {

/* Begin PBXBuildFile section */
		7A6E15020000000000000006 /* InlineAnswerTests.swift in Sources */ = {isa = PBXBuildFile; fileRef = 7A6E15020000000000000005 /* InlineAnswerTests.swift */; };
		7A6E15040000000000000002 /* PagisShellPluginTests.swift in Sources */ = {isa = PBXBuildFile; fileRef = 7A6E15040000000000000001 /* PagisShellPluginTests.swift */; };
		7A6E15040000000000000004 /* PagisViewControllerTests.swift in Sources */ = {isa = PBXBuildFile; fileRef = 7A6E15040000000000000003 /* PagisViewControllerTests.swift */; };
		7A6E15020000000000000004 /* InlineAnswer.swift in Sources */ = {isa = PBXBuildFile; fileRef = 7A6E15020000000000000003 /* InlineAnswer.swift */; };
		7A6E15020000000000000002 /* ApprovalAnswer.swift in Sources */ = {isa = PBXBuildFile; fileRef = 7A6E15020000000000000001 /* ApprovalAnswer.swift */; };
		2FAD9763203C412B000D30F8 /* config.xml in Resources */ = {isa = PBXBuildFile; fileRef = 2FAD9762203C412B000D30F8 /* config.xml */; };
		4D22ABE92AF431CB00220026 /* CapApp-SPM in Frameworks */ = {isa = PBXBuildFile; productRef = 4D22ABE82AF431CB00220026 /* CapApp-SPM */; };
		50379B232058CBB4000EE86E /* capacitor.config.json in Resources */ = {isa = PBXBuildFile; fileRef = 50379B222058CBB4000EE86E /* capacitor.config.json */; };
		504EC3081FED79650016851F /* AppDelegate.swift in Sources */ = {isa = PBXBuildFile; fileRef = 504EC3071FED79650016851F /* AppDelegate.swift */; };
		504EC30D1FED79650016851F /* Main.storyboard in Resources */ = {isa = PBXBuildFile; fileRef = 504EC30B1FED79650016851F /* Main.storyboard */; };
		504EC30F1FED79650016851F /* Assets.xcassets in Resources */ = {isa = PBXBuildFile; fileRef = 504EC30E1FED79650016851F /* Assets.xcassets */; };
		504EC3121FED79650016851F /* LaunchScreen.storyboard in Resources */ = {isa = PBXBuildFile; fileRef = 504EC3101FED79650016851F /* LaunchScreen.storyboard */; };
		50B271D11FEDC1A000F3C39B /* public in Resources */ = {isa = PBXBuildFile; fileRef = 50B271D01FEDC1A000F3C39B /* public */; };
		9582B6832FE993A70072D4E8 /* SceneDelegate.swift in Sources */ = {isa = PBXBuildFile; fileRef = 9582B6822FE993A50072D4E8 /* SceneDelegate.swift */; };
		7A6E15000000000000000002 /* WebOrigin.swift in Sources */ = {isa = PBXBuildFile; fileRef = 7A6E15000000000000000001 /* WebOrigin.swift */; };
		7A6E15000000000000000004 /* BridgeGuard.swift in Sources */ = {isa = PBXBuildFile; fileRef = 7A6E15000000000000000003 /* BridgeGuard.swift */; };
		7A6E15000000000000000006 /* ServerStore.swift in Sources */ = {isa = PBXBuildFile; fileRef = 7A6E15000000000000000005 /* ServerStore.swift */; };
		7A6E15000000000000000008 /* PagisShellPlugin.swift in Sources */ = {isa = PBXBuildFile; fileRef = 7A6E15000000000000000007 /* PagisShellPlugin.swift */; };
		7A6E1500000000000000000A /* PagisViewController.swift in Sources */ = {isa = PBXBuildFile; fileRef = 7A6E15000000000000000009 /* PagisViewController.swift */; };
		7A6E1500000000000000000C /* WebOriginTests.swift in Sources */ = {isa = PBXBuildFile; fileRef = 7A6E1500000000000000000B /* WebOriginTests.swift */; };
		7A6E1500000000000000000E /* BridgeGuardTests.swift in Sources */ = {isa = PBXBuildFile; fileRef = 7A6E1500000000000000000D /* BridgeGuardTests.swift */; };
		7A6E150000000000000000C9 /* NavigationGuard.swift in Sources */ = {isa = PBXBuildFile; fileRef = 7A6E150000000000000000C8 /* NavigationGuard.swift */; };
		7A6E150000000000000000FF /* UnreachablePage.swift in Sources */ = {isa = PBXBuildFile; fileRef = 7A6E150000000000000000FE /* UnreachablePage.swift */; };
		7A6E15000000000000000101 /* UnreachablePageTests.swift in Sources */ = {isa = PBXBuildFile; fileRef = 7A6E15000000000000000100 /* UnreachablePageTests.swift */; };
		7A6E150000000000000000CB /* NavigationGuardTests.swift in Sources */ = {isa = PBXBuildFile; fileRef = 7A6E150000000000000000CA /* NavigationGuardTests.swift */; };
		7A6E150000000000000000D1 /* SessionCopyTests.swift in Sources */ = {isa = PBXBuildFile; fileRef = 7A6E150000000000000000D0 /* SessionCopyTests.swift */; };
		7A6E150000000000000000D3 /* SessionCopy.swift in Sources */ = {isa = PBXBuildFile; fileRef = 7A6E150000000000000000D2 /* SessionCopy.swift */; };
		7A6E150000000000000000D5 /* SessionCookies.swift in Sources */ = {isa = PBXBuildFile; fileRef = 7A6E150000000000000000D4 /* SessionCookies.swift */; };
		7A6E150000000000000000E1 /* MediaGuardTests.swift in Sources */ = {isa = PBXBuildFile; fileRef = 7A6E150000000000000000E0 /* MediaGuardTests.swift */; };
		7A6E150000000000000000E3 /* MediaGuard.swift in Sources */ = {isa = PBXBuildFile; fileRef = 7A6E150000000000000000E2 /* MediaGuard.swift */; };
		7A6E150000000000000000F1 /* PushSubscriberTests.swift in Sources */ = {isa = PBXBuildFile; fileRef = 7A6E150000000000000000F0 /* PushSubscriberTests.swift */; };
		7A6E150000000000000000F3 /* PushKeysTests.swift in Sources */ = {isa = PBXBuildFile; fileRef = 7A6E150000000000000000F2 /* PushKeysTests.swift */; };
		7A6E150000000000000000F5 /* PushKeys.swift in Sources */ = {isa = PBXBuildFile; fileRef = 7A6E150000000000000000F4 /* PushKeys.swift */; };
		7A6E150000000000000000F7 /* PushRelay.swift in Sources */ = {isa = PBXBuildFile; fileRef = 7A6E150000000000000000F6 /* PushRelay.swift */; };
		7A6E150000000000000000F9 /* PushSubscriber.swift in Sources */ = {isa = PBXBuildFile; fileRef = 7A6E150000000000000000F8 /* PushSubscriber.swift */; };
		7A6E150000000000000000FB /* PagisPushPlugin.swift in Sources */ = {isa = PBXBuildFile; fileRef = 7A6E150000000000000000FA /* PagisPushPlugin.swift */; };
		7A6E150000000000000000FD /* NotificationResponder.swift in Sources */ = {isa = PBXBuildFile; fileRef = 7A6E150000000000000000FC /* NotificationResponder.swift */; };
		7A6E15010000000000000012 /* RFC8291Vector.swift in Sources */ = {isa = PBXBuildFile; fileRef = 7A6E15010000000000000011 /* RFC8291Vector.swift */; };
		7A6E15010000000000000014 /* WebPushDecryptTests.swift in Sources */ = {isa = PBXBuildFile; fileRef = 7A6E15010000000000000013 /* WebPushDecryptTests.swift */; };
		7A6E15010000000000000016 /* PushPayloadTests.swift in Sources */ = {isa = PBXBuildFile; fileRef = 7A6E15010000000000000015 /* PushPayloadTests.swift */; };
		7A6E15010000000000000018 /* NotificationContentTests.swift in Sources */ = {isa = PBXBuildFile; fileRef = 7A6E15010000000000000017 /* NotificationContentTests.swift */; };
		7A6E1501000000000000001A /* web-push.json in Resources */ = {isa = PBXBuildFile; fileRef = 7A6E15010000000000000019 /* web-push.json */; };
		7A6E15010000000000000031 /* WebPushDecrypt.swift in Sources */ = {isa = PBXBuildFile; fileRef = 7A6E15010000000000000021 /* WebPushDecrypt.swift */; };
		7A6E15010000000000000032 /* PushPayload.swift in Sources */ = {isa = PBXBuildFile; fileRef = 7A6E15010000000000000022 /* PushPayload.swift */; };
		7A6E15010000000000000033 /* NotificationContent.swift in Sources */ = {isa = PBXBuildFile; fileRef = 7A6E15010000000000000023 /* NotificationContent.swift */; };
		7A6E15010000000000000034 /* NotificationService.swift in Sources */ = {isa = PBXBuildFile; fileRef = 7A6E15010000000000000024 /* NotificationService.swift */; };
		7A6E15010000000000000035 /* WebPushDecrypt.swift in Sources */ = {isa = PBXBuildFile; fileRef = 7A6E15010000000000000021 /* WebPushDecrypt.swift */; };
		7A6E15010000000000000036 /* PushPayload.swift in Sources */ = {isa = PBXBuildFile; fileRef = 7A6E15010000000000000022 /* PushPayload.swift */; };
		7A6E15010000000000000037 /* NotificationContent.swift in Sources */ = {isa = PBXBuildFile; fileRef = 7A6E15010000000000000023 /* NotificationContent.swift */; };
		7A6E15010000000000000038 /* PushKeys.swift in Sources */ = {isa = PBXBuildFile; fileRef = 7A6E150000000000000000F4 /* PushKeys.swift */; };
		7A6E15010000000000000039 /* ServerStore.swift in Sources */ = {isa = PBXBuildFile; fileRef = 7A6E15000000000000000005 /* ServerStore.swift */; };
		7A6E1501000000000000003A /* WebOrigin.swift in Sources */ = {isa = PBXBuildFile; fileRef = 7A6E15000000000000000001 /* WebOrigin.swift */; };
		7A6E1501000000000000003B /* PagisNotificationService.appex in Embed Foundation Extensions */ = {isa = PBXBuildFile; fileRef = 7A6E15010000000000000027 /* PagisNotificationService.appex */; settings = {ATTRIBUTES = (RemoveHeadersOnCopy, ); }; };
		7A6E15030000000000000002 /* StaleNotificationsTests.swift in Sources */ = {isa = PBXBuildFile; fileRef = 7A6E15030000000000000001 /* StaleNotificationsTests.swift */; };
		7A6E15030000000000000004 /* NotificationTapTests.swift in Sources */ = {isa = PBXBuildFile; fileRef = 7A6E15030000000000000003 /* NotificationTapTests.swift */; };
		7A6E15030000000000000006 /* NeedsYouRead.swift in Sources */ = {isa = PBXBuildFile; fileRef = 7A6E15030000000000000005 /* NeedsYouRead.swift */; };
		7A6E15030000000000000008 /* StaleNotifications.swift in Sources */ = {isa = PBXBuildFile; fileRef = 7A6E15030000000000000007 /* StaleNotifications.swift */; };
		7A6E1503000000000000000A /* NotificationTap.swift in Sources */ = {isa = PBXBuildFile; fileRef = 7A6E15030000000000000009 /* NotificationTap.swift */; };
		7A6E15050000000000000002 /* PrivacyInfo.xcprivacy in Resources */ = {isa = PBXBuildFile; fileRef = 7A6E15050000000000000001 /* PrivacyInfo.xcprivacy */; };
		7A6E15050000000000000004 /* PrivacyInfo.xcprivacy in Resources */ = {isa = PBXBuildFile; fileRef = 7A6E15050000000000000003 /* PrivacyInfo.xcprivacy */; };
/* End PBXBuildFile section */

/* Begin PBXContainerItemProxy section */
		7A6E15010000000000000047 /* PBXContainerItemProxy */ = {
			isa = PBXContainerItemProxy;
			containerPortal = 504EC2FC1FED79650016851F /* Project object */;
			proxyType = 1;
			remoteGlobalIDString = 7A6E15010000000000000045;
			remoteInfo = PagisNotificationService;
		};
		7A6E1500000000000000006D /* PBXContainerItemProxy */ = {
			isa = PBXContainerItemProxy;
			containerPortal = 504EC2FC1FED79650016851F /* Project object */;
			proxyType = 1;
			remoteGlobalIDString = 504EC3031FED79650016851F;
			remoteInfo = App;
		};
/* End PBXContainerItemProxy section */

/* Begin PBXCopyFilesBuildPhase section */
		7A6E15010000000000000044 /* Embed Foundation Extensions */ = {
			isa = PBXCopyFilesBuildPhase;
			buildActionMask = 2147483647;
			dstPath = "";
			dstSubfolderSpec = 13;
			files = (
				7A6E1501000000000000003B /* PagisNotificationService.appex in Embed Foundation Extensions */,
			);
			name = "Embed Foundation Extensions";
			runOnlyForDeploymentPostprocessing = 0;
		};
/* End PBXCopyFilesBuildPhase section */

/* Begin PBXFileReference section */
		7A6E15020000000000000005 /* InlineAnswerTests.swift */ = {isa = PBXFileReference; lastKnownFileType = sourcecode.swift; path = InlineAnswerTests.swift; sourceTree = "<group>"; };
		7A6E15040000000000000001 /* PagisShellPluginTests.swift */ = {isa = PBXFileReference; lastKnownFileType = sourcecode.swift; path = PagisShellPluginTests.swift; sourceTree = "<group>"; };
		7A6E15040000000000000003 /* PagisViewControllerTests.swift */ = {isa = PBXFileReference; lastKnownFileType = sourcecode.swift; path = PagisViewControllerTests.swift; sourceTree = "<group>"; };
		7A6E15020000000000000003 /* InlineAnswer.swift */ = {isa = PBXFileReference; lastKnownFileType = sourcecode.swift; path = InlineAnswer.swift; sourceTree = "<group>"; };
		7A6E15020000000000000001 /* ApprovalAnswer.swift */ = {isa = PBXFileReference; lastKnownFileType = sourcecode.swift; path = ApprovalAnswer.swift; sourceTree = "<group>"; };
		2FAD9762203C412B000D30F8 /* config.xml */ = {isa = PBXFileReference; lastKnownFileType = text.xml; path = config.xml; sourceTree = "<group>"; };
		50379B222058CBB4000EE86E /* capacitor.config.json */ = {isa = PBXFileReference; fileEncoding = 4; lastKnownFileType = text.json; path = capacitor.config.json; sourceTree = "<group>"; };
		504EC3041FED79650016851F /* App.app */ = {isa = PBXFileReference; explicitFileType = wrapper.application; includeInIndex = 0; path = App.app; sourceTree = BUILT_PRODUCTS_DIR; };
		504EC3071FED79650016851F /* AppDelegate.swift */ = {isa = PBXFileReference; lastKnownFileType = sourcecode.swift; path = AppDelegate.swift; sourceTree = "<group>"; };
		504EC30C1FED79650016851F /* Base */ = {isa = PBXFileReference; lastKnownFileType = file.storyboard; name = Base; path = Base.lproj/Main.storyboard; sourceTree = "<group>"; };
		504EC30E1FED79650016851F /* Assets.xcassets */ = {isa = PBXFileReference; lastKnownFileType = folder.assetcatalog; path = Assets.xcassets; sourceTree = "<group>"; };
		504EC3111FED79650016851F /* Base */ = {isa = PBXFileReference; lastKnownFileType = file.storyboard; name = Base; path = Base.lproj/LaunchScreen.storyboard; sourceTree = "<group>"; };
		504EC3131FED79650016851F /* Info.plist */ = {isa = PBXFileReference; lastKnownFileType = text.plist.xml; path = Info.plist; sourceTree = "<group>"; };
		50B271D01FEDC1A000F3C39B /* public */ = {isa = PBXFileReference; lastKnownFileType = folder; path = public; sourceTree = "<group>"; };
		9582B6822FE993A50072D4E8 /* SceneDelegate.swift */ = {isa = PBXFileReference; lastKnownFileType = sourcecode.swift; path = SceneDelegate.swift; sourceTree = "<group>"; };
		7A6E15040000000000000001 /* app.xcconfig */ = {isa = PBXFileReference; lastKnownFileType = text.xcconfig; name = app.xcconfig; path = ../app.xcconfig; sourceTree = SOURCE_ROOT; };
		958DCC722DB07C7200EA8C5F /* debug.xcconfig */ = {isa = PBXFileReference; lastKnownFileType = text.xcconfig; name = debug.xcconfig; path = ../debug.xcconfig; sourceTree = SOURCE_ROOT; };
		7A6E15000000000000000001 /* WebOrigin.swift */ = {isa = PBXFileReference; lastKnownFileType = sourcecode.swift; path = WebOrigin.swift; sourceTree = "<group>"; };
		7A6E15000000000000000003 /* BridgeGuard.swift */ = {isa = PBXFileReference; lastKnownFileType = sourcecode.swift; path = BridgeGuard.swift; sourceTree = "<group>"; };
		7A6E15000000000000000005 /* ServerStore.swift */ = {isa = PBXFileReference; lastKnownFileType = sourcecode.swift; path = ServerStore.swift; sourceTree = "<group>"; };
		7A6E15000000000000000007 /* PagisShellPlugin.swift */ = {isa = PBXFileReference; lastKnownFileType = sourcecode.swift; path = PagisShellPlugin.swift; sourceTree = "<group>"; };
		7A6E15000000000000000009 /* PagisViewController.swift */ = {isa = PBXFileReference; lastKnownFileType = sourcecode.swift; path = PagisViewController.swift; sourceTree = "<group>"; };
		7A6E1500000000000000000B /* WebOriginTests.swift */ = {isa = PBXFileReference; lastKnownFileType = sourcecode.swift; path = WebOriginTests.swift; sourceTree = "<group>"; };
		7A6E1500000000000000000D /* BridgeGuardTests.swift */ = {isa = PBXFileReference; lastKnownFileType = sourcecode.swift; path = BridgeGuardTests.swift; sourceTree = "<group>"; };
		7A6E15000000000000000064 /* AppTests.xctest */ = {isa = PBXFileReference; explicitFileType = wrapper.cfbundle; includeInIndex = 0; path = AppTests.xctest; sourceTree = BUILT_PRODUCTS_DIR; };
		7A6E150000000000000000C8 /* NavigationGuard.swift */ = {isa = PBXFileReference; lastKnownFileType = sourcecode.swift; path = NavigationGuard.swift; sourceTree = "<group>"; };
		7A6E150000000000000000CA /* NavigationGuardTests.swift */ = {isa = PBXFileReference; lastKnownFileType = sourcecode.swift; path = NavigationGuardTests.swift; sourceTree = "<group>"; };
		7A6E150000000000000000FE /* UnreachablePage.swift */ = {isa = PBXFileReference; lastKnownFileType = sourcecode.swift; path = UnreachablePage.swift; sourceTree = "<group>"; };
		7A6E15000000000000000100 /* UnreachablePageTests.swift */ = {isa = PBXFileReference; lastKnownFileType = sourcecode.swift; path = UnreachablePageTests.swift; sourceTree = "<group>"; };
		7A6E150000000000000000D0 /* SessionCopyTests.swift */ = {isa = PBXFileReference; lastKnownFileType = sourcecode.swift; path = SessionCopyTests.swift; sourceTree = "<group>"; };
		7A6E150000000000000000D2 /* SessionCopy.swift */ = {isa = PBXFileReference; lastKnownFileType = sourcecode.swift; path = SessionCopy.swift; sourceTree = "<group>"; };
		7A6E150000000000000000D4 /* SessionCookies.swift */ = {isa = PBXFileReference; lastKnownFileType = sourcecode.swift; path = SessionCookies.swift; sourceTree = "<group>"; };
		7A6E150000000000000000D6 /* App.entitlements */ = {isa = PBXFileReference; lastKnownFileType = text.plist.entitlements; path = App.entitlements; sourceTree = "<group>"; };
		7A6E150000000000000000E0 /* MediaGuardTests.swift */ = {isa = PBXFileReference; lastKnownFileType = sourcecode.swift; path = MediaGuardTests.swift; sourceTree = "<group>"; };
		7A6E150000000000000000E2 /* MediaGuard.swift */ = {isa = PBXFileReference; lastKnownFileType = sourcecode.swift; path = MediaGuard.swift; sourceTree = "<group>"; };
		7A6E150000000000000000F0 /* PushSubscriberTests.swift */ = {isa = PBXFileReference; lastKnownFileType = sourcecode.swift; path = PushSubscriberTests.swift; sourceTree = "<group>"; };
		7A6E150000000000000000F2 /* PushKeysTests.swift */ = {isa = PBXFileReference; lastKnownFileType = sourcecode.swift; path = PushKeysTests.swift; sourceTree = "<group>"; };
		7A6E150000000000000000F4 /* PushKeys.swift */ = {isa = PBXFileReference; lastKnownFileType = sourcecode.swift; path = PushKeys.swift; sourceTree = "<group>"; };
		7A6E150000000000000000F6 /* PushRelay.swift */ = {isa = PBXFileReference; lastKnownFileType = sourcecode.swift; path = PushRelay.swift; sourceTree = "<group>"; };
		7A6E150000000000000000F8 /* PushSubscriber.swift */ = {isa = PBXFileReference; lastKnownFileType = sourcecode.swift; path = PushSubscriber.swift; sourceTree = "<group>"; };
		7A6E150000000000000000FA /* PagisPushPlugin.swift */ = {isa = PBXFileReference; lastKnownFileType = sourcecode.swift; path = PagisPushPlugin.swift; sourceTree = "<group>"; };
		7A6E150000000000000000FC /* NotificationResponder.swift */ = {isa = PBXFileReference; lastKnownFileType = sourcecode.swift; path = NotificationResponder.swift; sourceTree = "<group>"; };
		7A6E15010000000000000011 /* RFC8291Vector.swift */ = {isa = PBXFileReference; lastKnownFileType = sourcecode.swift; path = RFC8291Vector.swift; sourceTree = "<group>"; };
		7A6E15010000000000000013 /* WebPushDecryptTests.swift */ = {isa = PBXFileReference; lastKnownFileType = sourcecode.swift; path = WebPushDecryptTests.swift; sourceTree = "<group>"; };
		7A6E15010000000000000015 /* PushPayloadTests.swift */ = {isa = PBXFileReference; lastKnownFileType = sourcecode.swift; path = PushPayloadTests.swift; sourceTree = "<group>"; };
		7A6E15010000000000000017 /* NotificationContentTests.swift */ = {isa = PBXFileReference; lastKnownFileType = sourcecode.swift; path = NotificationContentTests.swift; sourceTree = "<group>"; };
		7A6E15010000000000000019 /* web-push.json */ = {isa = PBXFileReference; lastKnownFileType = text.json; name = "web-push.json"; path = "../../../fixtures/web-push.json"; sourceTree = SOURCE_ROOT; };
		7A6E15010000000000000021 /* WebPushDecrypt.swift */ = {isa = PBXFileReference; lastKnownFileType = sourcecode.swift; path = WebPushDecrypt.swift; sourceTree = "<group>"; };
		7A6E15010000000000000022 /* PushPayload.swift */ = {isa = PBXFileReference; lastKnownFileType = sourcecode.swift; path = PushPayload.swift; sourceTree = "<group>"; };
		7A6E15010000000000000023 /* NotificationContent.swift */ = {isa = PBXFileReference; lastKnownFileType = sourcecode.swift; path = NotificationContent.swift; sourceTree = "<group>"; };
		7A6E15010000000000000024 /* NotificationService.swift */ = {isa = PBXFileReference; lastKnownFileType = sourcecode.swift; path = NotificationService.swift; sourceTree = "<group>"; };
		7A6E15010000000000000025 /* Info.plist */ = {isa = PBXFileReference; lastKnownFileType = text.plist.xml; path = Info.plist; sourceTree = "<group>"; };
		7A6E15010000000000000026 /* PagisNotificationService.entitlements */ = {isa = PBXFileReference; lastKnownFileType = text.plist.entitlements; path = PagisNotificationService.entitlements; sourceTree = "<group>"; };
		7A6E15010000000000000027 /* PagisNotificationService.appex */ = {isa = PBXFileReference; explicitFileType = "wrapper.app-extension"; includeInIndex = 0; path = PagisNotificationService.appex; sourceTree = BUILT_PRODUCTS_DIR; };
		7A6E15030000000000000001 /* StaleNotificationsTests.swift */ = {isa = PBXFileReference; lastKnownFileType = sourcecode.swift; path = StaleNotificationsTests.swift; sourceTree = "<group>"; };
		7A6E15030000000000000003 /* NotificationTapTests.swift */ = {isa = PBXFileReference; lastKnownFileType = sourcecode.swift; path = NotificationTapTests.swift; sourceTree = "<group>"; };
		7A6E15030000000000000005 /* NeedsYouRead.swift */ = {isa = PBXFileReference; lastKnownFileType = sourcecode.swift; path = NeedsYouRead.swift; sourceTree = "<group>"; };
		7A6E15030000000000000007 /* StaleNotifications.swift */ = {isa = PBXFileReference; lastKnownFileType = sourcecode.swift; path = StaleNotifications.swift; sourceTree = "<group>"; };
		7A6E15030000000000000009 /* NotificationTap.swift */ = {isa = PBXFileReference; lastKnownFileType = sourcecode.swift; path = NotificationTap.swift; sourceTree = "<group>"; };
		7A6E15050000000000000001 /* PrivacyInfo.xcprivacy */ = {isa = PBXFileReference; lastKnownFileType = text.xml; path = PrivacyInfo.xcprivacy; sourceTree = "<group>"; };
		7A6E15050000000000000003 /* PrivacyInfo.xcprivacy */ = {isa = PBXFileReference; lastKnownFileType = text.xml; path = PrivacyInfo.xcprivacy; sourceTree = "<group>"; };
/* End PBXFileReference section */

/* Begin PBXFrameworksBuildPhase section */
		504EC3011FED79650016851F /* Frameworks */ = {
			isa = PBXFrameworksBuildPhase;
			buildActionMask = 2147483647;
			files = (
				4D22ABE92AF431CB00220026 /* CapApp-SPM in Frameworks */,
			);
			runOnlyForDeploymentPostprocessing = 0;
		};
		7A6E15000000000000000068 /* Frameworks */ = {
			isa = PBXFrameworksBuildPhase;
			buildActionMask = 2147483647;
			files = (
			);
			runOnlyForDeploymentPostprocessing = 0;
		};
		7A6E15010000000000000042 /* Frameworks */ = {
			isa = PBXFrameworksBuildPhase;
			buildActionMask = 2147483647;
			files = (
			);
			runOnlyForDeploymentPostprocessing = 0;
		};
/* End PBXFrameworksBuildPhase section */

/* Begin PBXGroup section */
		504EC2FB1FED79650016851F = {
			isa = PBXGroup;
			children = (
				7A6E15040000000000000001 /* app.xcconfig */,
				958DCC722DB07C7200EA8C5F /* debug.xcconfig */,
				504EC3061FED79650016851F /* App */,
				7A6E15000000000000000065 /* AppTests */,
				7A6E15010000000000000046 /* PagisNotificationService */,
				504EC3051FED79650016851F /* Products */,
			);
			sourceTree = "<group>";
		};
		504EC3051FED79650016851F /* Products */ = {
			isa = PBXGroup;
			children = (
				504EC3041FED79650016851F /* App.app */,
				7A6E15000000000000000064 /* AppTests.xctest */,
				7A6E15010000000000000027 /* PagisNotificationService.appex */,
			);
			name = Products;
			sourceTree = "<group>";
		};
		504EC3061FED79650016851F /* App */ = {
			isa = PBXGroup;
			children = (
				9582B6822FE993A50072D4E8 /* SceneDelegate.swift */,
				50379B222058CBB4000EE86E /* capacitor.config.json */,
				504EC3071FED79650016851F /* AppDelegate.swift */,
				7A6E15000000000000000001 /* WebOrigin.swift */,
				7A6E15000000000000000003 /* BridgeGuard.swift */,
				7A6E150000000000000000C8 /* NavigationGuard.swift */,
				7A6E150000000000000000FE /* UnreachablePage.swift */,
				7A6E15000000000000000005 /* ServerStore.swift */,
				7A6E15000000000000000007 /* PagisShellPlugin.swift */,
				7A6E15000000000000000009 /* PagisViewController.swift */,
				504EC30B1FED79650016851F /* Main.storyboard */,
				504EC30E1FED79650016851F /* Assets.xcassets */,
				504EC3101FED79650016851F /* LaunchScreen.storyboard */,
				504EC3131FED79650016851F /* Info.plist */,
				7A6E15050000000000000001 /* PrivacyInfo.xcprivacy */,
				7A6E150000000000000000D6 /* App.entitlements */,
				2FAD9762203C412B000D30F8 /* config.xml */,
				50B271D01FEDC1A000F3C39B /* public */,
				7A6E150000000000000000D2 /* SessionCopy.swift */,
				7A6E150000000000000000D4 /* SessionCookies.swift */,
				7A6E150000000000000000E2 /* MediaGuard.swift */,
				7A6E150000000000000000F4 /* PushKeys.swift */,
				7A6E150000000000000000F6 /* PushRelay.swift */,
				7A6E150000000000000000F8 /* PushSubscriber.swift */,
				7A6E150000000000000000FA /* PagisPushPlugin.swift */,
				7A6E150000000000000000FC /* NotificationResponder.swift */,
				7A6E15010000000000000021 /* WebPushDecrypt.swift */,
				7A6E15010000000000000022 /* PushPayload.swift */,
				7A6E15010000000000000023 /* NotificationContent.swift */,
				7A6E15020000000000000003 /* InlineAnswer.swift */,
				7A6E15020000000000000001 /* ApprovalAnswer.swift */,
				7A6E15030000000000000005 /* NeedsYouRead.swift */,
				7A6E15030000000000000007 /* StaleNotifications.swift */,
				7A6E15030000000000000009 /* NotificationTap.swift */,
			);
			path = App;
			sourceTree = "<group>";
		};
		7A6E15000000000000000065 /* AppTests */ = {
			isa = PBXGroup;
			children = (
				7A6E1500000000000000000B /* WebOriginTests.swift */,
				7A6E1500000000000000000D /* BridgeGuardTests.swift */,
				7A6E150000000000000000CA /* NavigationGuardTests.swift */,
				7A6E15000000000000000100 /* UnreachablePageTests.swift */,
				7A6E150000000000000000D0 /* SessionCopyTests.swift */,
				7A6E150000000000000000E0 /* MediaGuardTests.swift */,
				7A6E150000000000000000F0 /* PushSubscriberTests.swift */,
				7A6E150000000000000000F2 /* PushKeysTests.swift */,
				7A6E15010000000000000011 /* RFC8291Vector.swift */,
				7A6E15010000000000000013 /* WebPushDecryptTests.swift */,
				7A6E15010000000000000015 /* PushPayloadTests.swift */,
				7A6E15010000000000000017 /* NotificationContentTests.swift */,
				7A6E15020000000000000005 /* InlineAnswerTests.swift */,
				7A6E15010000000000000019 /* web-push.json */,
				7A6E15030000000000000001 /* StaleNotificationsTests.swift */,
				7A6E15030000000000000003 /* NotificationTapTests.swift */,
				7A6E15040000000000000001 /* PagisShellPluginTests.swift */,
				7A6E15040000000000000003 /* PagisViewControllerTests.swift */,
			);
			path = AppTests;
			sourceTree = "<group>";
		};
		7A6E15010000000000000046 /* PagisNotificationService */ = {
			isa = PBXGroup;
			children = (
				7A6E15010000000000000024 /* NotificationService.swift */,
				7A6E15010000000000000025 /* Info.plist */,
				7A6E15050000000000000003 /* PrivacyInfo.xcprivacy */,
				7A6E15010000000000000026 /* PagisNotificationService.entitlements */,
			);
			path = PagisNotificationService;
			sourceTree = "<group>";
		};
/* End PBXGroup section */

/* Begin PBXNativeTarget section */
		504EC3031FED79650016851F /* App */ = {
			isa = PBXNativeTarget;
			buildConfigurationList = 504EC3161FED79650016851F /* Build configuration list for PBXNativeTarget "App" */;
			buildPhases = (
				504EC3001FED79650016851F /* Sources */,
				504EC3011FED79650016851F /* Frameworks */,
				504EC3021FED79650016851F /* Resources */,
				7A6E15010000000000000044 /* Embed Foundation Extensions */,
			);
			buildRules = (
			);
			dependencies = (
				7A6E15010000000000000048 /* PBXTargetDependency */,
			);
			name = App;
			packageProductDependencies = (
				4D22ABE82AF431CB00220026 /* CapApp-SPM */,
			);
			productName = App;
			productReference = 504EC3041FED79650016851F /* App.app */;
			productType = "com.apple.product-type.application";
		};
		7A6E15000000000000000066 /* AppTests */ = {
			isa = PBXNativeTarget;
			buildConfigurationList = 7A6E1500000000000000006A /* Build configuration list for PBXNativeTarget "AppTests" */;
			buildPhases = (
				7A6E15000000000000000067 /* Sources */,
				7A6E15000000000000000068 /* Frameworks */,
				7A6E15000000000000000069 /* Resources */,
			);
			buildRules = (
			);
			dependencies = (
				7A6E1500000000000000006E /* PBXTargetDependency */,
			);
			name = AppTests;
			productName = AppTests;
			productReference = 7A6E15000000000000000064 /* AppTests.xctest */;
			productType = "com.apple.product-type.bundle.unit-test";
		};
		7A6E15010000000000000045 /* PagisNotificationService */ = {
			isa = PBXNativeTarget;
			buildConfigurationList = 7A6E15010000000000000049 /* Build configuration list for PBXNativeTarget "PagisNotificationService" */;
			buildPhases = (
				7A6E15010000000000000041 /* Sources */,
				7A6E15010000000000000042 /* Frameworks */,
				7A6E15010000000000000043 /* Resources */,
			);
			buildRules = (
			);
			dependencies = (
			);
			name = PagisNotificationService;
			productName = PagisNotificationService;
			productReference = 7A6E15010000000000000027 /* PagisNotificationService.appex */;
			productType = "com.apple.product-type.app-extension";
		};
/* End PBXNativeTarget section */

/* Begin PBXProject section */
		504EC2FC1FED79650016851F /* Project object */ = {
			isa = PBXProject;
			attributes = {
				LastSwiftUpdateCheck = 0920;
				LastUpgradeCheck = 0920;
				TargetAttributes = {
					504EC3031FED79650016851F = {
						CreatedOnToolsVersion = 9.2;
						LastSwiftMigration = 1100;
						ProvisioningStyle = Automatic;
					};
					7A6E15000000000000000066 = {
						TestTargetID = 504EC3031FED79650016851F;
					};
					7A6E15010000000000000045 = {
						CreatedOnToolsVersion = 26.3;
					};
				};
			};
			buildConfigurationList = 504EC2FF1FED79650016851F /* Build configuration list for PBXProject "App" */;
			compatibilityVersion = "Xcode 8.0";
			developmentRegion = en;
			hasScannedForEncodings = 0;
			knownRegions = (
				en,
				Base,
			);
			mainGroup = 504EC2FB1FED79650016851F;
			packageReferences = (
				D4C12C0A2AAA248700AAC8A2 /* XCLocalSwiftPackageReference "CapApp-SPM" */,
			);
			productRefGroup = 504EC3051FED79650016851F /* Products */;
			projectDirPath = "";
			projectRoot = "";
			targets = (
				504EC3031FED79650016851F /* App */,
				7A6E15000000000000000066 /* AppTests */,
				7A6E15010000000000000045 /* PagisNotificationService */,
			);
		};
/* End PBXProject section */

/* Begin PBXResourcesBuildPhase section */
		504EC3021FED79650016851F /* Resources */ = {
			isa = PBXResourcesBuildPhase;
			buildActionMask = 2147483647;
			files = (
				504EC3121FED79650016851F /* LaunchScreen.storyboard in Resources */,
				50B271D11FEDC1A000F3C39B /* public in Resources */,
				504EC30F1FED79650016851F /* Assets.xcassets in Resources */,
				50379B232058CBB4000EE86E /* capacitor.config.json in Resources */,
				504EC30D1FED79650016851F /* Main.storyboard in Resources */,
				2FAD9763203C412B000D30F8 /* config.xml in Resources */,
				7A6E15050000000000000002 /* PrivacyInfo.xcprivacy in Resources */,
			);
			runOnlyForDeploymentPostprocessing = 0;
		};
		7A6E15000000000000000069 /* Resources */ = {
			isa = PBXResourcesBuildPhase;
			buildActionMask = 2147483647;
			files = (
				7A6E1501000000000000001A /* web-push.json in Resources */,
			);
			runOnlyForDeploymentPostprocessing = 0;
		};
		7A6E15010000000000000043 /* Resources */ = {
			isa = PBXResourcesBuildPhase;
			buildActionMask = 2147483647;
			files = (
				7A6E15050000000000000004 /* PrivacyInfo.xcprivacy in Resources */,
			);
			runOnlyForDeploymentPostprocessing = 0;
		};
/* End PBXResourcesBuildPhase section */

/* Begin PBXSourcesBuildPhase section */
		504EC3001FED79650016851F /* Sources */ = {
			isa = PBXSourcesBuildPhase;
			buildActionMask = 2147483647;
			files = (
				504EC3081FED79650016851F /* AppDelegate.swift in Sources */,
				9582B6832FE993A70072D4E8 /* SceneDelegate.swift in Sources */,
				7A6E15000000000000000002 /* WebOrigin.swift in Sources */,
				7A6E15000000000000000004 /* BridgeGuard.swift in Sources */,
				7A6E150000000000000000C9 /* NavigationGuard.swift in Sources */,
				7A6E150000000000000000FF /* UnreachablePage.swift in Sources */,
				7A6E15000000000000000006 /* ServerStore.swift in Sources */,
				7A6E15000000000000000008 /* PagisShellPlugin.swift in Sources */,
				7A6E1500000000000000000A /* PagisViewController.swift in Sources */,
				7A6E150000000000000000D3 /* SessionCopy.swift in Sources */,
				7A6E150000000000000000D5 /* SessionCookies.swift in Sources */,
				7A6E150000000000000000E3 /* MediaGuard.swift in Sources */,
				7A6E150000000000000000F5 /* PushKeys.swift in Sources */,
				7A6E150000000000000000F7 /* PushRelay.swift in Sources */,
				7A6E150000000000000000F9 /* PushSubscriber.swift in Sources */,
				7A6E150000000000000000FB /* PagisPushPlugin.swift in Sources */,
				7A6E150000000000000000FD /* NotificationResponder.swift in Sources */,
				7A6E15010000000000000031 /* WebPushDecrypt.swift in Sources */,
				7A6E15010000000000000032 /* PushPayload.swift in Sources */,
				7A6E15010000000000000033 /* NotificationContent.swift in Sources */,
				7A6E15020000000000000004 /* InlineAnswer.swift in Sources */,
				7A6E15020000000000000002 /* ApprovalAnswer.swift in Sources */,
				7A6E15030000000000000006 /* NeedsYouRead.swift in Sources */,
				7A6E15030000000000000008 /* StaleNotifications.swift in Sources */,
				7A6E1503000000000000000A /* NotificationTap.swift in Sources */,
			);
			runOnlyForDeploymentPostprocessing = 0;
		};
		7A6E15000000000000000067 /* Sources */ = {
			isa = PBXSourcesBuildPhase;
			buildActionMask = 2147483647;
			files = (
				7A6E1500000000000000000C /* WebOriginTests.swift in Sources */,
				7A6E1500000000000000000E /* BridgeGuardTests.swift in Sources */,
				7A6E150000000000000000CB /* NavigationGuardTests.swift in Sources */,
				7A6E15000000000000000101 /* UnreachablePageTests.swift in Sources */,
				7A6E150000000000000000D1 /* SessionCopyTests.swift in Sources */,
				7A6E150000000000000000E1 /* MediaGuardTests.swift in Sources */,
				7A6E150000000000000000F1 /* PushSubscriberTests.swift in Sources */,
				7A6E150000000000000000F3 /* PushKeysTests.swift in Sources */,
				7A6E15010000000000000012 /* RFC8291Vector.swift in Sources */,
				7A6E15010000000000000014 /* WebPushDecryptTests.swift in Sources */,
				7A6E15010000000000000016 /* PushPayloadTests.swift in Sources */,
				7A6E15010000000000000018 /* NotificationContentTests.swift in Sources */,
				7A6E15020000000000000006 /* InlineAnswerTests.swift in Sources */,
				7A6E15030000000000000002 /* StaleNotificationsTests.swift in Sources */,
				7A6E15030000000000000004 /* NotificationTapTests.swift in Sources */,
				7A6E15040000000000000002 /* PagisShellPluginTests.swift in Sources */,
				7A6E15040000000000000004 /* PagisViewControllerTests.swift in Sources */,
			);
			runOnlyForDeploymentPostprocessing = 0;
		};
		7A6E15010000000000000041 /* Sources */ = {
			isa = PBXSourcesBuildPhase;
			buildActionMask = 2147483647;
			files = (
				7A6E15010000000000000034 /* NotificationService.swift in Sources */,
				7A6E15010000000000000035 /* WebPushDecrypt.swift in Sources */,
				7A6E15010000000000000036 /* PushPayload.swift in Sources */,
				7A6E15010000000000000037 /* NotificationContent.swift in Sources */,
				7A6E15010000000000000038 /* PushKeys.swift in Sources */,
				7A6E15010000000000000039 /* ServerStore.swift in Sources */,
				7A6E1501000000000000003A /* WebOrigin.swift in Sources */,
			);
			runOnlyForDeploymentPostprocessing = 0;
		};
/* End PBXSourcesBuildPhase section */

/* Begin PBXTargetDependency section */
		7A6E1500000000000000006E /* PBXTargetDependency */ = {
			isa = PBXTargetDependency;
			target = 504EC3031FED79650016851F /* App */;
			targetProxy = 7A6E1500000000000000006D /* PBXContainerItemProxy */;
		};
		7A6E15010000000000000048 /* PBXTargetDependency */ = {
			isa = PBXTargetDependency;
			target = 7A6E15010000000000000045 /* PagisNotificationService */;
			targetProxy = 7A6E15010000000000000047 /* PBXContainerItemProxy */;
		};
/* End PBXTargetDependency section */

/* Begin PBXVariantGroup section */
		504EC30B1FED79650016851F /* Main.storyboard */ = {
			isa = PBXVariantGroup;
			children = (
				504EC30C1FED79650016851F /* Base */,
			);
			name = Main.storyboard;
			sourceTree = "<group>";
		};
		504EC3101FED79650016851F /* LaunchScreen.storyboard */ = {
			isa = PBXVariantGroup;
			children = (
				504EC3111FED79650016851F /* Base */,
			);
			name = LaunchScreen.storyboard;
			sourceTree = "<group>";
		};
/* End PBXVariantGroup section */

/* Begin XCBuildConfiguration section */
		504EC3141FED79650016851F /* Debug */ = {
			isa = XCBuildConfiguration;
			baseConfigurationReference = 958DCC722DB07C7200EA8C5F /* debug.xcconfig */;
			buildSettings = {
				ALWAYS_SEARCH_USER_PATHS = NO;
				CLANG_ANALYZER_NONNULL = YES;
				CLANG_ANALYZER_NUMBER_OBJECT_CONVERSION = YES_AGGRESSIVE;
				CLANG_CXX_LANGUAGE_STANDARD = "gnu++14";
				CLANG_CXX_LIBRARY = "libc++";
				CLANG_ENABLE_MODULES = YES;
				CLANG_ENABLE_OBJC_ARC = YES;
				CLANG_WARN_BLOCK_CAPTURE_AUTORELEASING = YES;
				CLANG_WARN_BOOL_CONVERSION = YES;
				CLANG_WARN_COMMA = YES;
				CLANG_WARN_CONSTANT_CONVERSION = YES;
				CLANG_WARN_DIRECT_OBJC_ISA_USAGE = YES_ERROR;
				CLANG_WARN_DOCUMENTATION_COMMENTS = YES;
				CLANG_WARN_EMPTY_BODY = YES;
				CLANG_WARN_ENUM_CONVERSION = YES;
				CLANG_WARN_INFINITE_RECURSION = YES;
				CLANG_WARN_INT_CONVERSION = YES;
				CLANG_WARN_NON_LITERAL_NULL_CONVERSION = YES;
				CLANG_WARN_OBJC_LITERAL_CONVERSION = YES;
				CLANG_WARN_OBJC_ROOT_CLASS = YES_ERROR;
				CLANG_WARN_RANGE_LOOP_ANALYSIS = YES;
				CLANG_WARN_STRICT_PROTOTYPES = YES;
				CLANG_WARN_SUSPICIOUS_MOVE = YES;
				CLANG_WARN_UNGUARDED_AVAILABILITY = YES_AGGRESSIVE;
				CLANG_WARN_UNREACHABLE_CODE = YES;
				CLANG_WARN__DUPLICATE_METHOD_MATCH = YES;
				CODE_SIGN_IDENTITY = "iPhone Developer";
				COPY_PHASE_STRIP = NO;
				DEBUG_INFORMATION_FORMAT = dwarf;
				ENABLE_STRICT_OBJC_MSGSEND = YES;
				ENABLE_TESTABILITY = YES;
				GCC_C_LANGUAGE_STANDARD = gnu11;
				GCC_DYNAMIC_NO_PIC = NO;
				GCC_NO_COMMON_BLOCKS = YES;
				GCC_OPTIMIZATION_LEVEL = 0;
				GCC_PREPROCESSOR_DEFINITIONS = (
					"DEBUG=1",
					"$(inherited)",
				);
				GCC_WARN_64_TO_32_BIT_CONVERSION = YES;
				GCC_WARN_ABOUT_RETURN_TYPE = YES_ERROR;
				GCC_WARN_UNDECLARED_SELECTOR = YES;
				GCC_WARN_UNINITIALIZED_AUTOS = YES_AGGRESSIVE;
				GCC_WARN_UNUSED_FUNCTION = YES;
				GCC_WARN_UNUSED_VARIABLE = YES;
				IPHONEOS_DEPLOYMENT_TARGET = 16.0;
				MTL_ENABLE_DEBUG_INFO = YES;
				ONLY_ACTIVE_ARCH = YES;
				SDKROOT = iphoneos;
				SWIFT_ACTIVE_COMPILATION_CONDITIONS = DEBUG;
				SWIFT_OPTIMIZATION_LEVEL = "-Onone";
			};
			name = Debug;
		};
		504EC3151FED79650016851F /* Release */ = {
			isa = XCBuildConfiguration;
			buildSettings = {
				ALWAYS_SEARCH_USER_PATHS = NO;
				CLANG_ANALYZER_NONNULL = YES;
				CLANG_ANALYZER_NUMBER_OBJECT_CONVERSION = YES_AGGRESSIVE;
				CLANG_CXX_LANGUAGE_STANDARD = "gnu++14";
				CLANG_CXX_LIBRARY = "libc++";
				CLANG_ENABLE_MODULES = YES;
				CLANG_ENABLE_OBJC_ARC = YES;
				CLANG_WARN_BLOCK_CAPTURE_AUTORELEASING = YES;
				CLANG_WARN_BOOL_CONVERSION = YES;
				CLANG_WARN_COMMA = YES;
				CLANG_WARN_CONSTANT_CONVERSION = YES;
				CLANG_WARN_DIRECT_OBJC_ISA_USAGE = YES_ERROR;
				CLANG_WARN_DOCUMENTATION_COMMENTS = YES;
				CLANG_WARN_EMPTY_BODY = YES;
				CLANG_WARN_ENUM_CONVERSION = YES;
				CLANG_WARN_INFINITE_RECURSION = YES;
				CLANG_WARN_INT_CONVERSION = YES;
				CLANG_WARN_NON_LITERAL_NULL_CONVERSION = YES;
				CLANG_WARN_OBJC_LITERAL_CONVERSION = YES;
				CLANG_WARN_OBJC_ROOT_CLASS = YES_ERROR;
				CLANG_WARN_RANGE_LOOP_ANALYSIS = YES;
				CLANG_WARN_STRICT_PROTOTYPES = YES;
				CLANG_WARN_SUSPICIOUS_MOVE = YES;
				CLANG_WARN_UNGUARDED_AVAILABILITY = YES_AGGRESSIVE;
				CLANG_WARN_UNREACHABLE_CODE = YES;
				CLANG_WARN__DUPLICATE_METHOD_MATCH = YES;
				CODE_SIGN_IDENTITY = "iPhone Developer";
				COPY_PHASE_STRIP = NO;
				DEBUG_INFORMATION_FORMAT = "dwarf-with-dsym";
				ENABLE_NS_ASSERTIONS = NO;
				ENABLE_STRICT_OBJC_MSGSEND = YES;
				GCC_C_LANGUAGE_STANDARD = gnu11;
				GCC_NO_COMMON_BLOCKS = YES;
				GCC_WARN_64_TO_32_BIT_CONVERSION = YES;
				GCC_WARN_ABOUT_RETURN_TYPE = YES_ERROR;
				GCC_WARN_UNDECLARED_SELECTOR = YES;
				GCC_WARN_UNINITIALIZED_AUTOS = YES_AGGRESSIVE;
				GCC_WARN_UNUSED_FUNCTION = YES;
				GCC_WARN_UNUSED_VARIABLE = YES;
				IPHONEOS_DEPLOYMENT_TARGET = 16.0;
				MTL_ENABLE_DEBUG_INFO = NO;
				SDKROOT = iphoneos;
				SWIFT_COMPILATION_MODE = wholemodule;
				SWIFT_OPTIMIZATION_LEVEL = "-O";
				VALIDATE_PRODUCT = YES;
			};
			name = Release;
		};
		504EC3171FED79650016851F /* Debug */ = {
			isa = XCBuildConfiguration;
			baseConfigurationReference = 958DCC722DB07C7200EA8C5F /* debug.xcconfig */;
			buildSettings = {
				ASSETCATALOG_COMPILER_APPICON_NAME = AppIcon;
				CODE_SIGN_STYLE = Automatic;
				DEVELOPMENT_TEAM = R2X5GBXYG7;
				CURRENT_PROJECT_VERSION = 1;
				INFOPLIST_FILE = App/Info.plist;
				INFOPLIST_OTHER_PREPROCESSOR_FLAGS = "-traditional";
				CODE_SIGN_ENTITLEMENTS = App/App.entitlements;
				INFOPLIST_PREPROCESS = YES;
				INFOPLIST_PREPROCESSOR_DEFINITIONS = "PAGIS_DEBUG=1";
				IPHONEOS_DEPLOYMENT_TARGET = 16.0;
				LD_RUNPATH_SEARCH_PATHS = (
					"$(inherited)",
					"@executable_path/Frameworks",
				);
				MARKETING_VERSION = 0.2.0;
				OTHER_SWIFT_FLAGS = "$(inherited) \"-D\" \"COCOAPODS\" \"-DDEBUG\"";
				PRODUCT_BUNDLE_IDENTIFIER = co.pagis.mobile;
				PRODUCT_NAME = "$(TARGET_NAME)";
				SWIFT_ACTIVE_COMPILATION_CONDITIONS = DEBUG;
				SWIFT_VERSION = 5.0;
				TARGETED_DEVICE_FAMILY = "1,2";
			};
			name = Debug;
		};
		504EC3181FED79650016851F /* Release */ = {
			isa = XCBuildConfiguration;
			baseConfigurationReference = 7A6E15040000000000000001 /* app.xcconfig */;
			buildSettings = {
				ASSETCATALOG_COMPILER_APPICON_NAME = AppIcon;
				CODE_SIGN_STYLE = Automatic;
				DEVELOPMENT_TEAM = R2X5GBXYG7;
				CURRENT_PROJECT_VERSION = 1;
				INFOPLIST_FILE = App/Info.plist;
				INFOPLIST_OTHER_PREPROCESSOR_FLAGS = "-traditional";
				CODE_SIGN_ENTITLEMENTS = App/App.entitlements;
				INFOPLIST_PREPROCESS = YES;
				IPHONEOS_DEPLOYMENT_TARGET = 16.0;
				LD_RUNPATH_SEARCH_PATHS = (
					"$(inherited)",
					"@executable_path/Frameworks",
				);
				MARKETING_VERSION = 0.2.0;
				PRODUCT_BUNDLE_IDENTIFIER = co.pagis.mobile;
				PRODUCT_NAME = "$(TARGET_NAME)";
				SWIFT_ACTIVE_COMPILATION_CONDITIONS = "";
				SWIFT_VERSION = 5.0;
				TARGETED_DEVICE_FAMILY = "1,2";
			};
			name = Release;
		};
		7A6E1500000000000000006B /* Debug */ = {
			isa = XCBuildConfiguration;
			buildSettings = {
				BUNDLE_LOADER = "$(TEST_HOST)";
				CODE_SIGN_STYLE = Automatic;
				DEVELOPMENT_TEAM = R2X5GBXYG7;
				CURRENT_PROJECT_VERSION = 1;
				GENERATE_INFOPLIST_FILE = YES;
				IPHONEOS_DEPLOYMENT_TARGET = 16.0;
				MARKETING_VERSION = 0.2.0;
				PRODUCT_BUNDLE_IDENTIFIER = co.pagis.mobile.tests;
				PRODUCT_NAME = "$(TARGET_NAME)";
				SWIFT_VERSION = 5.0;
				TARGETED_DEVICE_FAMILY = "1,2";
				TEST_HOST = "$(BUILT_PRODUCTS_DIR)/App.app/$(BUNDLE_EXECUTABLE_FOLDER_PATH)/App";
			};
			name = Debug;
		};
		7A6E1500000000000000006C /* Release */ = {
			isa = XCBuildConfiguration;
			buildSettings = {
				BUNDLE_LOADER = "$(TEST_HOST)";
				CODE_SIGN_STYLE = Automatic;
				DEVELOPMENT_TEAM = R2X5GBXYG7;
				CURRENT_PROJECT_VERSION = 1;
				GENERATE_INFOPLIST_FILE = YES;
				IPHONEOS_DEPLOYMENT_TARGET = 16.0;
				MARKETING_VERSION = 0.2.0;
				PRODUCT_BUNDLE_IDENTIFIER = co.pagis.mobile.tests;
				PRODUCT_NAME = "$(TARGET_NAME)";
				SWIFT_VERSION = 5.0;
				TARGETED_DEVICE_FAMILY = "1,2";
				TEST_HOST = "$(BUILT_PRODUCTS_DIR)/App.app/$(BUNDLE_EXECUTABLE_FOLDER_PATH)/App";
			};
			name = Release;
		};
		7A6E1501000000000000004A /* Debug */ = {
			isa = XCBuildConfiguration;
			buildSettings = {
				APPLICATION_EXTENSION_API_ONLY = YES;
				CODE_SIGN_ENTITLEMENTS = PagisNotificationService/PagisNotificationService.entitlements;
				CODE_SIGN_STYLE = Automatic;
				DEVELOPMENT_TEAM = R2X5GBXYG7;
				CURRENT_PROJECT_VERSION = 1;
				GENERATE_INFOPLIST_FILE = YES;
				INFOPLIST_FILE = PagisNotificationService/Info.plist;
				INFOPLIST_KEY_CFBundleDisplayName = PagisNotificationService;
				IPHONEOS_DEPLOYMENT_TARGET = 16.0;
				LD_RUNPATH_SEARCH_PATHS = (
					"$(inherited)",
					"@executable_path/Frameworks",
					"@executable_path/../../Frameworks",
				);
				MARKETING_VERSION = 0.2.0;
				PRODUCT_BUNDLE_IDENTIFIER = co.pagis.mobile.PagisNotificationService;
				PRODUCT_NAME = "$(TARGET_NAME)";
				SKIP_INSTALL = YES;
				SWIFT_ACTIVE_COMPILATION_CONDITIONS = DEBUG;
				SWIFT_VERSION = 5.0;
				TARGETED_DEVICE_FAMILY = "1,2";
			};
			name = Debug;
		};
		7A6E1501000000000000004B /* Release */ = {
			isa = XCBuildConfiguration;
			buildSettings = {
				APPLICATION_EXTENSION_API_ONLY = YES;
				CODE_SIGN_ENTITLEMENTS = PagisNotificationService/PagisNotificationService.entitlements;
				CODE_SIGN_STYLE = Automatic;
				DEVELOPMENT_TEAM = R2X5GBXYG7;
				CURRENT_PROJECT_VERSION = 1;
				GENERATE_INFOPLIST_FILE = YES;
				INFOPLIST_FILE = PagisNotificationService/Info.plist;
				INFOPLIST_KEY_CFBundleDisplayName = PagisNotificationService;
				IPHONEOS_DEPLOYMENT_TARGET = 16.0;
				LD_RUNPATH_SEARCH_PATHS = (
					"$(inherited)",
					"@executable_path/Frameworks",
					"@executable_path/../../Frameworks",
				);
				MARKETING_VERSION = 0.2.0;
				PRODUCT_BUNDLE_IDENTIFIER = co.pagis.mobile.PagisNotificationService;
				PRODUCT_NAME = "$(TARGET_NAME)";
				SKIP_INSTALL = YES;
				SWIFT_ACTIVE_COMPILATION_CONDITIONS = "";
				SWIFT_VERSION = 5.0;
				TARGETED_DEVICE_FAMILY = "1,2";
			};
			name = Release;
		};
/* End XCBuildConfiguration section */

/* Begin XCConfigurationList section */
		504EC2FF1FED79650016851F /* Build configuration list for PBXProject "App" */ = {
			isa = XCConfigurationList;
			buildConfigurations = (
				504EC3141FED79650016851F /* Debug */,
				504EC3151FED79650016851F /* Release */,
			);
			defaultConfigurationIsVisible = 0;
			defaultConfigurationName = Release;
		};
		504EC3161FED79650016851F /* Build configuration list for PBXNativeTarget "App" */ = {
			isa = XCConfigurationList;
			buildConfigurations = (
				504EC3171FED79650016851F /* Debug */,
				504EC3181FED79650016851F /* Release */,
			);
			defaultConfigurationIsVisible = 0;
			defaultConfigurationName = Release;
		};
		7A6E1500000000000000006A /* Build configuration list for PBXNativeTarget "AppTests" */ = {
			isa = XCConfigurationList;
			buildConfigurations = (
				7A6E1500000000000000006B /* Debug */,
				7A6E1500000000000000006C /* Release */,
			);
			defaultConfigurationIsVisible = 0;
			defaultConfigurationName = Release;
		};
		7A6E15010000000000000049 /* Build configuration list for PBXNativeTarget "PagisNotificationService" */ = {
			isa = XCConfigurationList;
			buildConfigurations = (
				7A6E1501000000000000004A /* Debug */,
				7A6E1501000000000000004B /* Release */,
			);
			defaultConfigurationIsVisible = 0;
			defaultConfigurationName = Release;
		};
/* End XCConfigurationList section */

/* Begin XCLocalSwiftPackageReference section */
		D4C12C0A2AAA248700AAC8A2 /* XCLocalSwiftPackageReference "CapApp-SPM" */ = {
			isa = XCLocalSwiftPackageReference;
			relativePath = "CapApp-SPM";
		};
/* End XCLocalSwiftPackageReference section */

/* Begin XCSwiftPackageProductDependency section */
		4D22ABE82AF431CB00220026 /* CapApp-SPM */ = {
			isa = XCSwiftPackageProductDependency;
			package = D4C12C0A2AAA248700AAC8A2 /* XCLocalSwiftPackageReference "CapApp-SPM" */;
			productName = "CapApp-SPM";
		};
/* End XCSwiftPackageProductDependency section */
	};
	rootObject = 504EC2FC1FED79650016851F /* Project object */;
}
